
Microsoft Visual Studio Solution File, Format Version 12.00
# Visual Studio 2012
Project("{FAE04EC0-301F-11D3-BF4B-00C04F79EFBC}") = "MyzukaRuGrabberGUI", "MyzukaRuGrabberGUI\MyzukaRuGrabberGUI.csproj", "{CF2A7990-8B8D-4E37-BFAF-C1C65C1903F5}"
EndProject
Project("{FAE04EC0-301F-11D3-BF4B-00C04F79EFBC}") = "MyzukaRuGrabberCore", "MyzukaRuGrabberCore\MyzukaRuGrabberCore.csproj", "{1483A5B9-C8E3-40BE-BF03-519ACF54A852}"
EndProject
Global
	GlobalSection(SolutionConfigurationPlatforms) = preSolution
		Debug|Any CPU = Debug|Any CPU
		Release|Any CPU = Release|Any CPU
	EndGlobalSection
	GlobalSection(ProjectConfigurationPlatforms) = postSolution
		{CF2A7990-8B8D-4E37-BFAF-C1C65C1903F5}.Debug|Any CPU.ActiveCfg = Debug|Any CPU
		{CF2A7990-8B8D-4E37-BFAF-C1C65C1903F5}.Debug|Any CPU.Build.0 = Debug|Any CPU
		{CF2A7990-8B8D-4E37-BFAF-C1C65C1903F5}.Release|Any CPU.ActiveCfg = Release|Any CPU
		{CF2A7990-8B8D-4E37-BFAF-C1C65C1903F5}.Release|Any CPU.Build.0 = Release|Any CPU
		{1483A5B9-C8E3-40BE-BF03-519ACF54A852}.Debug|Any CPU.ActiveCfg = Debug|Any CPU
		{1483A5B9-C8E3-40BE-BF03-519ACF54A852}.Debug|Any CPU.Build.0 = Debug|Any CPU
		{1483A5B9-C8E3-40BE-BF03-519ACF54A852}.Release|Any CPU.ActiveCfg = Release|Any CPU
		{1483A5B9-C8E3-40BE-BF03-519ACF54A852}.Release|Any CPU.Build.0 = Release|Any CPU
	EndGlobalSection
	GlobalSection(SolutionProperties) = preSolution
		HideSolutionNode = FALSE
	EndGlobalSection
EndGlobal
